
Microsoft Visual Studio Solution File, Format Version 12.00
# Visual Studio 15
VisualStudioVersion = 15.0.28307.168
MinimumVisualStudioVersion = 10.0.40219.1
Project("{8BC9CEB8-8B4A-11D0-8D11-00A0C91BC942}") = "checker-practice-yellow", "checker-practice-yellow\checker-practice-yellow.vcxproj", "{995FB06F-14B1-4C5E-8733-5CCC38E81A49}"
EndProject
Global
	GlobalSection(SolutionConfigurationPlatforms) = preSolution
		Debug|x64 = Debug|x64
		Debug|x86 = Debug|x86
		Release|x64 = Release|x64
		Release|x86 = Release|x86
	EndGlobalSection
	GlobalSection(ProjectConfigurationPlatforms) = postSolution
		{995FB06F-14B1-4C5E-8733-5CCC38E81A49}.Debug|x64.ActiveCfg = Debug|x64
		{995FB06F-14B1-4C5E-8733-5CCC38E81A49}.Debug|x64.Build.0 = Debug|x64
		{995FB06F-14B1-4C5E-8733-5CCC38E81A49}.Debug|x86.ActiveCfg = Debug|Win32
		{995FB06F-14B1-4C5E-8733-5CCC38E81A49}.Debug|x86.Build.0 = Debug|Win32
		{995FB06F-14B1-4C5E-8733-5CCC38E81A49}.Release|x64.ActiveCfg = Release|x64
		{995FB06F-14B1-4C5E-8733-5CCC38E81A49}.Release|x64.Build.0 = Release|x64
		{995FB06F-14B1-4C5E-8733-5CCC38E81A49}.Release|x86.ActiveCfg = Release|Win32
		{995FB06F-14B1-4C5E-8733-5CCC38E81A49}.Release|x86.Build.0 = Release|Win32
	EndGlobalSection
	GlobalSection(SolutionProperties) = preSolution
		HideSolutionNode = FALSE
	EndGlobalSection
	GlobalSection(ExtensibilityGlobals) = postSolution
		SolutionGuid = {4F432448-FE5C-4364-B2CC-7F1CEE46A884}
	EndGlobalSection
EndGlobal
